
# cargo-vet imports lock

[audits.OpenDevicePartnership.audits]

[[audits.google.audits.bitflags]]
who = "Lukasz Anforowicz <lukasza@chromium.org>"
criteria = "safe-to-deploy"
version = "1.3.2"
notes = """
Security review of earlier versions of the crate can be found at
(Google-internal, sorry): go/image-crate-chromium-security-review

The crate exposes a function marked as `unsafe`, but doesn't use any
`unsafe` blocks (except for tests of the single `unsafe` function).  I
think this justifies marking this crate as `ub-risk-1`.

Additional review comments can be found at https://crrev.com/c/4723145/31
"""
aggregated-from = "https://chromium.googlesource.com/chromium/src/+/main/third_party/rust/chromium_crates_io/supply-chain/audits.toml?format=TEXT"

[[audits.google.audits.nb]]
who = "George Burgess IV <gbiv@google.com>"
criteria = "safe-to-deploy"
version = "1.0.0"
aggregated-from = "https://chromium.googlesource.com/chromiumos/third_party/rust_crates/+/refs/heads/main/cargo-vet/audits.toml?format=TEXT"

[[audits.google.audits.nb]]
who = "George Burgess IV <gbiv@google.com>"
criteria = "safe-to-deploy"
delta = "1.0.0 -> 0.1.3"
aggregated-from = "https://chromium.googlesource.com/chromiumos/third_party/rust_crates/+/refs/heads/main/cargo-vet/audits.toml?format=TEXT"

[[audits.google.audits.nb]]
who = "George Burgess IV <gbiv@google.com>"
criteria = "safe-to-deploy"
delta = "1.0.0 -> 1.1.0"
aggregated-from = "https://chromium.googlesource.com/chromiumos/third_party/rust_crates/+/refs/heads/main/cargo-vet/audits.toml?format=TEXT"

[[audits.google.audits.proc-macro-error-attr]]
who = "George Burgess IV <gbiv@google.com>"
criteria = "safe-to-deploy"
version = "1.0.4"
aggregated-from = "https://chromium.googlesource.com/chromiumos/third_party/rust_crates/+/refs/heads/main/cargo-vet/audits.toml?format=TEXT"

[[audits.google.audits.proc-macro2]]
who = "Lukasz Anforowicz <lukasza@chromium.org>"
criteria = "safe-to-deploy"
version = "1.0.78"
notes = """
Grepped for \"crypt\", \"cipher\", \"fs\", \"net\" - there were no hits
(except for a benign \"fs\" hit in a doc comment)

Notes from the `unsafe` review can be found in https://crrev.com/c/5385745.
"""
aggregated-from = "https://chromium.googlesource.com/chromium/src/+/main/third_party/rust/chromium_crates_io/supply-chain/audits.toml?format=TEXT"

[[audits.google.audits.proc-macro2]]
who = "Adrian Taylor <adetaylor@chromium.org>"
criteria = "safe-to-deploy"
delta = "1.0.78 -> 1.0.79"
aggregated-from = "https://chromium.googlesource.com/chromium/src/+/main/third_party/rust/chromium_crates_io/supply-chain/audits.toml?format=TEXT"

[[audits.google.audits.proc-macro2]]
who = "Adrian Taylor <adetaylor@chromium.org>"
criteria = "safe-to-deploy"
delta = "1.0.79 -> 1.0.80"
aggregated-from = "https://chromium.googlesource.com/chromium/src/+/main/third_party/rust/chromium_crates_io/supply-chain/audits.toml?format=TEXT"

[[audits.google.audits.proc-macro2]]
who = "Dustin J. Mitchell <djmitche@chromium.org>"
criteria = "safe-to-deploy"
delta = "1.0.80 -> 1.0.81"
notes = "Comment changes only"
aggregated-from = "https://chromium.googlesource.com/chromium/src/+/main/third_party/rust/chromium_crates_io/supply-chain/audits.toml?format=TEXT"

[[audits.google.audits.proc-macro2]]
who = "danakj <danakj@chromium.org>"
criteria = "safe-to-deploy"
delta = "1.0.81 -> 1.0.82"
aggregated-from = "https://chromium.googlesource.com/chromium/src/+/main/third_party/rust/chromium_crates_io/supply-chain/audits.toml?format=TEXT"

[[audits.google.audits.proc-macro2]]
who = "Dustin J. Mitchell <djmitche@chromium.org>"
criteria = "safe-to-deploy"
delta = "1.0.82 -> 1.0.83"
notes = "Substantive change is replacing String with Box<str>, saving memory."
aggregated-from = "https://chromium.googlesource.com/chromium/src/+/main/third_party/rust/chromium_crates_io/supply-chain/audits.toml?format=TEXT"

[[audits.google.audits.proc-macro2]]
who = "Lukasz Anforowicz <lukasza@chromium.org>"
criteria = "safe-to-deploy"
delta = "1.0.83 -> 1.0.84"
notes = "Only doc comment changes in `src/lib.rs`."
aggregated-from = "https://chromium.googlesource.com/chromium/src/+/main/third_party/rust/chromium_crates_io/supply-chain/audits.toml?format=TEXT"

[[audits.google.audits.proc-macro2]]
who = "danakj@chromium.org"
criteria = "safe-to-deploy"
delta = "1.0.84 -> 1.0.85"
notes = "Test-only changes."
aggregated-from = "https://chromium.googlesource.com/chromium/src/+/main/third_party/rust/chromium_crates_io/supply-chain/audits.toml?format=TEXT"

[[audits.google.audits.proc-macro2]]
who = "Lukasz Anforowicz <lukasza@chromium.org>"
criteria = "safe-to-deploy"
delta = "1.0.85 -> 1.0.86"
notes = """
Comment-only changes in `build.rs`.
Reordering of `Cargo.toml` entries.
Just bumping up the version number in `lib.rs`.
Config-related changes in `test_size.rs`.
"""
aggregated-from = "https://chromium.googlesource.com/chromium/src/+/main/third_party/rust/chromium_crates_io/supply-chain/audits.toml?format=TEXT"

[[audits.google.audits.quote]]
who = "Lukasz Anforowicz <lukasza@chromium.org>"
criteria = "safe-to-deploy"
version = "1.0.35"
notes = """
Grepped for \"unsafe\", \"crypt\", \"cipher\", \"fs\", \"net\" - there were no hits
(except for benign \"net\" hit in tests and \"fs\" hit in README.md)
"""
aggregated-from = "https://chromium.googlesource.com/chromium/src/+/main/third_party/rust/chromium_crates_io/supply-chain/audits.toml?format=TEXT"

[[audits.google.audits.quote]]
who = "Adrian Taylor <adetaylor@chromium.org>"
criteria = "safe-to-deploy"
delta = "1.0.35 -> 1.0.36"
aggregated-from = "https://chromium.googlesource.com/chromium/src/+/main/third_party/rust/chromium_crates_io/supply-chain/audits.toml?format=TEXT"

[[audits.google.audits.unicode-ident]]
who = "Lukasz Anforowicz <lukasza@chromium.org>"
criteria = "safe-to-deploy"
version = "1.0.12"
notes = '''
I grepped for \"crypt\", \"cipher\", \"fs\", \"net\" - there were no hits.

All two functions from the public API of this crate use `unsafe` to avoid bound
checks for an array access.  Cross-module analysis shows that the offsets can
be statically proven to be within array bounds.  More details can be found in
the unsafe review CL at https://crrev.com/c/5350386.

This crate has been added to Chromium in https://crrev.com/c/3891618.
'''
aggregated-from = "https://chromium.googlesource.com/chromium/src/+/main/third_party/rust/chromium_crates_io/supply-chain/audits.toml?format=TEXT"

[[audits.google.audits.version_check]]
who = "George Burgess IV <gbiv@google.com>"
criteria = "safe-to-deploy"
version = "0.9.4"
aggregated-from = "https://chromium.googlesource.com/chromiumos/third_party/rust_crates/+/refs/heads/main/cargo-vet/audits.toml?format=TEXT"

[[audits.google.audits.void]]
who = "George Burgess IV <gbiv@google.com>"
criteria = "safe-to-deploy"
version = "1.0.2"
aggregated-from = "https://chromium.googlesource.com/chromiumos/third_party/rust_crates/+/refs/heads/main/cargo-vet/audits.toml?format=TEXT"

[audits.mozilla.audits]
